
Microsoft Visual Studio Solution File, Format Version 12.00
# Visual Studio Version 17
VisualStudioVersion = 17.5.33209.295
MinimumVisualStudioVersion = 10.0.40219.1
Project("{9A19103F-16F7-4668-BE54-9A1E7A4F7556}") = "AdaptiveStorage", "AdaptiveStorage.csproj", "{C0F52CB9-6857-4033-BAD6-62B410ADF253}"
EndProject
Global
	GlobalSection(SolutionConfigurationPlatforms) = preSolution
		Debug|Any CPU = Debug|Any CPU
		Release|Any CPU = Release|Any CPU
	EndGlobalSection
	GlobalSection(ProjectConfigurationPlatforms) = postSolution
		{C0F52CB9-6857-4033-BAD6-62B410ADF253}.Debug|Any CPU.ActiveCfg = Debug|Any CPU
		{C0F52CB9-6857-4033-BAD6-62B410ADF253}.Debug|Any CPU.Build.0 = Debug|Any CPU
		{C0F52CB9-6857-4033-BAD6-62B410ADF253}.Release|Any CPU.ActiveCfg = Release|Any CPU
		{C0F52CB9-6857-4033-BAD6-62B410ADF253}.Release|Any CPU.Build.0 = Release|Any CPU
	EndGlobalSection
	GlobalSection(SolutionProperties) = preSolution
		HideSolutionNode = FALSE
	EndGlobalSection
	GlobalSection(ExtensibilityGlobals) = postSolution
		SolutionGuid = {642D4BD1-0B71-4ED6-A719-F851A583876B}
	EndGlobalSection
EndGlobal
